
Microsoft Visual Studio Solution File, Format Version 11.00
# Visual C# Express 2010
Project("{FAE04EC0-301F-11D3-BF4B-00C04F79EFBC}") = "Sarix Picture Grabber", "Sarix Picture Grabber\Sarix Picture Grabber.csproj", "{5B37E1DD-7DE3-47A2-8032-6C74C968B6CC}"
EndProject
Global
	GlobalSection(SolutionConfigurationPlatforms) = preSolution
		Debug|Any CPU = Debug|Any CPU
		Release|Any CPU = Release|Any CPU
	EndGlobalSection
	GlobalSection(ProjectConfigurationPlatforms) = postSolution
		{5B37E1DD-7DE3-47A2-8032-6C74C968B6CC}.Debug|Any CPU.ActiveCfg = Debug|Any CPU
		{5B37E1DD-7DE3-47A2-8032-6C74C968B6CC}.Debug|Any CPU.Build.0 = Debug|Any CPU
		{5B37E1DD-7DE3-47A2-8032-6C74C968B6CC}.Release|Any CPU.ActiveCfg = Release|Any CPU
		{5B37E1DD-7DE3-47A2-8032-6C74C968B6CC}.Release|Any CPU.Build.0 = Release|Any CPU
	EndGlobalSection
	GlobalSection(SolutionProperties) = preSolution
		HideSolutionNode = FALSE
	EndGlobalSection
EndGlobal
