
Microsoft Visual Studio Solution File, Format Version 12.00
# Visual Studio 2013
VisualStudioVersion = 12.0.31101.0
MinimumVisualStudioVersion = 10.0.40219.1
Project("{FAE04EC0-301F-11D3-BF4B-00C04F79EFBC}") = "Bank", "Bank\Bank.csproj", "{6EFA74CD-F862-4B9F-AB5A-5E74BB5D6374}"
EndProject
Project("{FAE04EC0-301F-11D3-BF4B-00C04F79EFBC}") = "BankTest", "BankTest\BankTest.csproj", "{15ECAC47-304F-4F36-80E2-AB62183FDB10}"
EndProject
Global
	GlobalSection(SolutionConfigurationPlatforms) = preSolution
		Debug|Any CPU = Debug|Any CPU
		Release|Any CPU = Release|Any CPU
	EndGlobalSection
	GlobalSection(ProjectConfigurationPlatforms) = postSolution
		{6EFA74CD-F862-4B9F-AB5A-5E74BB5D6374}.Debug|Any CPU.ActiveCfg = Debug|Any CPU
		{6EFA74CD-F862-4B9F-AB5A-5E74BB5D6374}.Debug|Any CPU.Build.0 = Debug|Any CPU
		{6EFA74CD-F862-4B9F-AB5A-5E74BB5D6374}.Release|Any CPU.ActiveCfg = Release|Any CPU
		{6EFA74CD-F862-4B9F-AB5A-5E74BB5D6374}.Release|Any CPU.Build.0 = Release|Any CPU
		{15ECAC47-304F-4F36-80E2-AB62183FDB10}.Debug|Any CPU.ActiveCfg = Debug|Any CPU
		{15ECAC47-304F-4F36-80E2-AB62183FDB10}.Debug|Any CPU.Build.0 = Debug|Any CPU
		{15ECAC47-304F-4F36-80E2-AB62183FDB10}.Release|Any CPU.ActiveCfg = Release|Any CPU
		{15ECAC47-304F-4F36-80E2-AB62183FDB10}.Release|Any CPU.Build.0 = Release|Any CPU
	EndGlobalSection
	GlobalSection(SolutionProperties) = preSolution
		HideSolutionNode = FALSE
	EndGlobalSection
EndGlobal
